github.com/Eyevinn/mp4ff v0.56.0 h1:K81hqadHOLqQP+Rr610dwy7Cn3tLLEejCljzIfcNo+k=
github.com/Eyevinn/mp4ff v0.56.0/go.mod h1:AhC+bOI7GSZmzuN4zFY9U76qMedbHI+8BdQXWrC9+8U=
github.com/asticode/go-astikit v0.30.0 h1:DkBkRQRIxYcknlaU7W7ksNfn4gMFsB0tqMJflxkRsZA=
github.com/asticode/go-astikit v0.30.0/go.mod h1:h4ly7idim1tNhaVkdVBeXQZEE3L0xblP7fCWbgwipF0=
github.com/asticode/go-astits v1.16.0 h1:MgyLnG30oRiQsHWQNXA29ZS6i7UNN/OGcPdgH86JJqg=
github.com/asticode/go-astits v1.16.0/go.mod h1:psImoC1BhcAWIsyM/RnbO1OgUW+XSf8fZpFvF5McDyo=
github.com/at-wat/ebml-go v0.19.3 h1:d+UC5nz3as8at1Ek4bhGPY5f+eoVYSQZmnTF4D+cJMs=
github.com/at-wat/ebml-go v0.19.3/go.mod h1:wu3fQj+DWo6SOOl9c4yDi+gFs9Oa96Z2B5qxo1OxFYY=
github.com/davecgh/go-spew v1.1.0 h1:ZDRjVQ15GmhC3fiQ8ni8+OwkZQO4DARzQgrnXU1Liz8=
github.com/davecgh/go-spew v1.1.0/go.mod h1:J7Y8YcW2NihsgmVo/mv3lAwl/skON4iLHjSsI+c5H38=
github.com/ebitengine/purego v0.11.1 h1:2zpWRSQNVKN4eKsKO9eM1ILDgWfYMY9GwqRmK6XeQ/0=
github.com/ebitengine/purego v0.11.1/go.mod h1:DCHPP08djqhNSoTfImcnHYQRZmd0qhakvrozqaEYhGQ=
github.com/go-avkit/avkit v0.0.0-20260918185656-b6b8c0f3c881 h1:Si88J860fdQDH9AiRXXBIq44OZltFpKJqKV1gxDbPPc=
github.com/go-avkit/avkit v0.0.0-20260918185656-b6b8c0f3c881/go.mod h1:ENrtiAN3W9PV9XJ1oruwTEjsdbRz1ymYOYq3PC1KkFA=
github.com/go-macos/objc v0.10.2 h1:WX8CsDT6SbDrIT2wHAZEQBhGcpKR750llRS4oAfX9ww=
github.com/go-macos/objc v0.10.2/go.mod h1:68hzSUlhg5bFbg1kO0z4DM6xOk4B/IofuxdlyhHHtt8=
github.com/go-test/deep v1.1.0 h1:WOcxcdHcvdgThNXjw0t76K42FXTU7HpNQWHpA2HHNlg=
github.com/go-test/deep v1.1.0/go.mod h1:5C2ZWiW0ErCdrYzpqxLbTX7MG14M9iiw8DgHncVwcsE=
github.com/pmezard/go-difflib v1.0.0 h1:4DBwDE0NGyQoBHbLQYPwSUPoCMWR5BEzIk/f1lZbAQM=
github.com/pmezard/go-difflib v1.0.0/go.mod h1:iKH77koFhYxTK1pcRnkKkqfTogsbg7gZNVY4sRDYZ/4=
github.com/stretchr/testify v1.4.0 h1:2E4SXV/wtOkTonXsotYi4li6zVWxYlZuYNCXe9XRJyk=
github.com/stretchr/testify v1.4.0/go.mod h1:j7eGeouHqKxXV5pUuKE4zz7dFj8WfuZ+81PSLYec5m4=
gopkg.in/yaml.v2 v2.2.2 h1:ZCJp+EgiOT7lHqUV2J862kp8Qj64Jo6az82+3Td9dZw=
gopkg.in/yaml.v2 v2.2.2/go.mod h1:hI93XBmqTisBFMUTm0b8Fm+jr3Dg1NNxqwp+5A1VGuI=
