github.com/Eyevinn/mp4ff v0.56.0 h1:K81hqadHOLqQP+Rr610dwy7Cn3tLLEejCljzIfcNo+k=
github.com/Eyevinn/mp4ff v0.56.0/go.mod h1:AhC+bOI7GSZmzuN4zFY9U76qMedbHI+8BdQXWrC9+8U=
github.com/asticode/go-astikit v0.30.0 h1:DkBkRQRIxYcknlaU7W7ksNfn4gMFsB0tqMJflxkRsZA=
github.com/asticode/go-astikit v0.30.0/go.mod h1:h4ly7idim1tNhaVkdVBeXQZEE3L0xblP7fCWbgwipF0=
github.com/asticode/go-astits v1.16.0 h1:MgyLnG30oRiQsHWQNXA29ZS6i7UNN/OGcPdgH86JJqg=
github.com/asticode/go-astits v1.16.0/go.mod h1:psImoC1BhcAWIsyM/RnbO1OgUW+XSf8fZpFvF5McDyo=
github.com/at-wat/ebml-go v0.19.1 h1:Ve0yB6OTjnIS1vfRaxT5d7guHZ1aXG4kXytM+18wWEg=
github.com/at-wat/ebml-go v0.19.1/go.mod h1:wu3fQj+DWo6SOOl9c4yDi+gFs9Oa96Z2B5qxo1OxFYY=
github.com/at-wat/ebml-go v0.19.2 h1:W+/eivAXUfd5jwq9ToQvsunsLXnww4VXjygwoP9VS9o=
github.com/at-wat/ebml-go v0.19.2/go.mod h1:wu3fQj+DWo6SOOl9c4yDi+gFs9Oa96Z2B5qxo1OxFYY=
github.com/davecgh/go-spew v1.1.0 h1:ZDRjVQ15GmhC3fiQ8ni8+OwkZQO4DARzQgrnXU1Liz8=
github.com/davecgh/go-spew v1.1.0/go.mod h1:J7Y8YcW2NihsgmVo/mv3lAwl/skON4iLHjSsI+c5H38=
github.com/ebitengine/purego v0.10.2 h1:W809HbnvzAxgdm+aOvlSekrM16wGCdT/e76+9tS7gzE=
github.com/ebitengine/purego v0.10.2/go.mod h1:iIjxzd6CiRiOG0UyXP+V1+jWqUXVjPKLAI0mRfJZTmQ=
github.com/ebitengine/purego v0.11.0 h1:jhp/D+Nyv7UUW8HAcmcjt2N2rYrYi9m3SL21k0Ua/NI=
github.com/ebitengine/purego v0.11.0/go.mod h1:DCHPP08djqhNSoTfImcnHYQRZmd0qhakvrozqaEYhGQ=
github.com/go-avkit/avkit v0.0.0-20260830124118-008ab6e5790a h1:lGbPYdWuYUBZq64gn80/YKDVVDDk4yWVQ4cof+qwmRQ=
github.com/go-avkit/avkit v0.0.0-20260830124118-008ab6e5790a/go.mod h1:WUQxQ4PNl9+jFy2lqQzi/q88Ptk6hRCE/+8+PJ3lDug=
github.com/go-avkit/avkit v0.0.0-20260901193055-4820260425ec h1:aA2t2NRkxTEclzPvsbWkJZXgrxXcGF6rET9gAUKlwfE=
github.com/go-avkit/avkit v0.0.0-20260901193055-4820260425ec/go.mod h1:iefeY57TAIQ2tr7MJ64eQzCmzj/hLmvtsfDgh7jMVC8=
github.com/go-macos/objc v0.5.0 h1:/C091FfAlpHR8UAGWMVV9hM7AOPJejONu3TbpZYi9EQ=
github.com/go-macos/objc v0.5.0/go.mod h1:00GJyieLzPcb65rPLVWNPPUCVm79nmmiEXUDsslRpOs=
github.com/go-macos/objc v0.9.1 h1:GGBoj8aMijBCYNPjGAYS4neeA3lWa8/JEIF1K5GswDo=
github.com/go-macos/objc v0.9.1/go.mod h1:00GJyieLzPcb65rPLVWNPPUCVm79nmmiEXUDsslRpOs=
github.com/go-test/deep v1.1.0 h1:WOcxcdHcvdgThNXjw0t76K42FXTU7HpNQWHpA2HHNlg=
github.com/go-test/deep v1.1.0/go.mod h1:5C2ZWiW0ErCdrYzpqxLbTX7MG14M9iiw8DgHncVwcsE=
github.com/pmezard/go-difflib v1.0.0 h1:4DBwDE0NGyQoBHbLQYPwSUPoCMWR5BEzIk/f1lZbAQM=
github.com/pmezard/go-difflib v1.0.0/go.mod h1:iKH77koFhYxTK1pcRnkKkqfTogsbg7gZNVY4sRDYZ/4=
github.com/stretchr/testify v1.4.0 h1:2E4SXV/wtOkTonXsotYi4li6zVWxYlZuYNCXe9XRJyk=
github.com/stretchr/testify v1.4.0/go.mod h1:j7eGeouHqKxXV5pUuKE4zz7dFj8WfuZ+81PSLYec5m4=
gopkg.in/yaml.v2 v2.2.2 h1:ZCJp+EgiOT7lHqUV2J862kp8Qj64Jo6az82+3Td9dZw=
gopkg.in/yaml.v2 v2.2.2/go.mod h1:hI93XBmqTisBFMUTm0b8Fm+jr3Dg1NNxqwp+5A1VGuI=
